
Microsoft Visual Studio Solution File, Format Version 12.00
# Visual Studio Version 16
VisualStudioVersion = 16.0.29519.87
MinimumVisualStudioVersion = 10.0.40219.1
Project("{FAE04EC0-301F-11D3-BF4B-00C04F79EFBC}") = "NDashboard", "NDashboard\NDashboard.csproj", "{AD510C45-E29C-4B19-8A1B-E07F4E3FD28A}"
EndProject
Project("{FAE04EC0-301F-11D3-BF4B-00C04F79EFBC}") = "HelperNVS", "HelperNVS\HelperNVS.csproj", "{FAD2DEFA-CD86-4980-904E-F85236102D60}"
EndProject
Project("{54435603-DBB4-11D2-8724-00A0C9A8B90C}") = "NReportSetup", "NReportSetup\NReportSetup.vdproj", "{DC68F22B-0A99-4147-AEB3-1E8A6C8F9A90}"
EndProject
Global
	GlobalSection(SolutionConfigurationPlatforms) = preSolution
		Debug|Any CPU = Debug|Any CPU
		Release|Any CPU = Release|Any CPU
	EndGlobalSection
	GlobalSection(ProjectConfigurationPlatforms) = postSolution
		{AD510C45-E29C-4B19-8A1B-E07F4E3FD28A}.Debug|Any CPU.ActiveCfg = Debug|Any CPU
		{AD510C45-E29C-4B19-8A1B-E07F4E3FD28A}.Debug|Any CPU.Build.0 = Debug|Any CPU
		{AD510C45-E29C-4B19-8A1B-E07F4E3FD28A}.Release|Any CPU.ActiveCfg = Release|Any CPU
		{AD510C45-E29C-4B19-8A1B-E07F4E3FD28A}.Release|Any CPU.Build.0 = Release|Any CPU
		{FAD2DEFA-CD86-4980-904E-F85236102D60}.Debug|Any CPU.ActiveCfg = Debug|Any CPU
		{FAD2DEFA-CD86-4980-904E-F85236102D60}.Debug|Any CPU.Build.0 = Debug|Any CPU
		{FAD2DEFA-CD86-4980-904E-F85236102D60}.Release|Any CPU.ActiveCfg = Release|Any CPU
		{FAD2DEFA-CD86-4980-904E-F85236102D60}.Release|Any CPU.Build.0 = Release|Any CPU
		{DC68F22B-0A99-4147-AEB3-1E8A6C8F9A90}.Debug|Any CPU.ActiveCfg = Debug
		{DC68F22B-0A99-4147-AEB3-1E8A6C8F9A90}.Release|Any CPU.ActiveCfg = Release
	EndGlobalSection
	GlobalSection(SolutionProperties) = preSolution
		HideSolutionNode = FALSE
	EndGlobalSection
	GlobalSection(ExtensibilityGlobals) = postSolution
		SolutionGuid = {BFC33B75-893C-47C6-B03E-CEB48EFBD2C8}
	EndGlobalSection
EndGlobal
