
Microsoft Visual Studio Solution File, Format Version 12.00
# Visual Studio Version 16
VisualStudioVersion = 16.0.29519.87
MinimumVisualStudioVersion = 10.0.40219.1
Project("{FAE04EC0-301F-11D3-BF4B-00C04F79EFBC}") = "NDashboard", "NDashboard\NDashboard.csproj", "{AD510C45-E29C-4B19-8A1B-E07F4E3FD28A}"
EndProject
Project("{FAE04EC0-301F-11D3-BF4B-00C04F79EFBC}") = "NVSHelper", "NVSHelper\NVSHelper.csproj", "{743F932E-71C2-4C88-9208-B2AEE4ED4A20}"
EndProject
Global
	GlobalSection(SolutionConfigurationPlatforms) = preSolution
		Debug|Any CPU = Debug|Any CPU
		Release|Any CPU = Release|Any CPU
	EndGlobalSection
	GlobalSection(ProjectConfigurationPlatforms) = postSolution
		{AD510C45-E29C-4B19-8A1B-E07F4E3FD28A}.Debug|Any CPU.ActiveCfg = Debug|Any CPU
		{AD510C45-E29C-4B19-8A1B-E07F4E3FD28A}.Debug|Any CPU.Build.0 = Debug|Any CPU
		{AD510C45-E29C-4B19-8A1B-E07F4E3FD28A}.Release|Any CPU.ActiveCfg = Release|Any CPU
		{AD510C45-E29C-4B19-8A1B-E07F4E3FD28A}.Release|Any CPU.Build.0 = Release|Any CPU
		{743F932E-71C2-4C88-9208-B2AEE4ED4A20}.Debug|Any CPU.ActiveCfg = Debug|Any CPU
		{743F932E-71C2-4C88-9208-B2AEE4ED4A20}.Debug|Any CPU.Build.0 = Debug|Any CPU
		{743F932E-71C2-4C88-9208-B2AEE4ED4A20}.Release|Any CPU.ActiveCfg = Release|Any CPU
		{743F932E-71C2-4C88-9208-B2AEE4ED4A20}.Release|Any CPU.Build.0 = Release|Any CPU
	EndGlobalSection
	GlobalSection(SolutionProperties) = preSolution
		HideSolutionNode = FALSE
	EndGlobalSection
	GlobalSection(ExtensibilityGlobals) = postSolution
		SolutionGuid = {BFC33B75-893C-47C6-B03E-CEB48EFBD2C8}
	EndGlobalSection
EndGlobal
